
Microsoft Visual Studio Solution File, Format Version 12.00
# Visual Studio 15
VisualStudioVersion = 15.0.28307.572
MinimumVisualStudioVersion = 10.0.40219.1
Project("{FAE04EC0-301F-11D3-BF4B-00C04F79EFBC}") = "BilgeAdam.CardSwitcher", "BilgeAdam.CardSwitcher\BilgeAdam.CardSwitcher.csproj", "{9C5444FC-3716-4062-BBB7-1C8CD35701DF}"
EndProject
Project("{FAE04EC0-301F-11D3-BF4B-00C04F79EFBC}") = "BilgeAdam.CardSwitcher.Data", "BilgeAdam.CardSwitcher.Data\BilgeAdam.CardSwitcher.Data.csproj", "{F22BD94F-B09E-44EE-A9FA-21319B82D85E}"
EndProject
Global
	GlobalSection(SolutionConfigurationPlatforms) = preSolution
		Debug|Any CPU = Debug|Any CPU
		Release|Any CPU = Release|Any CPU
	EndGlobalSection
	GlobalSection(ProjectConfigurationPlatforms) = postSolution
		{9C5444FC-3716-4062-BBB7-1C8CD35701DF}.Debug|Any CPU.ActiveCfg = Debug|Any CPU
		{9C5444FC-3716-4062-BBB7-1C8CD35701DF}.Debug|Any CPU.Build.0 = Debug|Any CPU
		{9C5444FC-3716-4062-BBB7-1C8CD35701DF}.Release|Any CPU.ActiveCfg = Release|Any CPU
		{9C5444FC-3716-4062-BBB7-1C8CD35701DF}.Release|Any CPU.Build.0 = Release|Any CPU
		{F22BD94F-B09E-44EE-A9FA-21319B82D85E}.Debug|Any CPU.ActiveCfg = Debug|Any CPU
		{F22BD94F-B09E-44EE-A9FA-21319B82D85E}.Debug|Any CPU.Build.0 = Debug|Any CPU
		{F22BD94F-B09E-44EE-A9FA-21319B82D85E}.Release|Any CPU.ActiveCfg = Release|Any CPU
		{F22BD94F-B09E-44EE-A9FA-21319B82D85E}.Release|Any CPU.Build.0 = Release|Any CPU
	EndGlobalSection
	GlobalSection(SolutionProperties) = preSolution
		HideSolutionNode = FALSE
	EndGlobalSection
	GlobalSection(ExtensibilityGlobals) = postSolution
		SolutionGuid = {75FC761C-81E2-4B66-882B-F098C4681CCB}
	EndGlobalSection
EndGlobal
